{
    "_readme": [
        "This file locks the dependencies of your project to a known state",
        "Read more about it at https://getcomposer.org/doc/01-basic-usage.md#installing-dependencies",
        "This file is @generated automatically"
    ],
    "content-hash": "4bd3627a89241f6d8b6f2582556aa2fc",
    "packages": [
        {
            "name": "yrbane/lunar-cli",
            "version": "dev-main",
            "dist": {
                "type": "path",
                "url": "../lunar-cli",
                "reference": "1ca53df46125e9a7109485d9f41a4154d09476cc"
            },
            "require": {
                "ext-mbstring": "*",
                "php": ">=8.3",
                "yrbane/lunar-config": "@dev"
            },
            "require-dev": {
                "phpstan/phpstan": "^2.0",
                "phpunit/phpunit": "^11.0"
            },
            "bin": [
                "bin/lunar"
            ],
            "type": "library",
            "autoload": {
                "psr-4": {
                    "Lunar\\Cli\\": "src/"
                }
            },
            "autoload-dev": {
                "psr-4": {
                    "Lunar\\Cli\\Tests\\": "tests/"
                }
            },
            "license": [
                "MIT"
            ],
            "authors": [
                {
                    "name": "seb",
                    "email": "seb@nethttp.net"
                }
            ],
            "description": "Framework CLI PHP autonome avec commandes, helpers console et rendu de tableaux",
            "transport-options": {
                "symlink": true,
                "relative": true
            }
        },
        {
            "name": "yrbane/lunar-config",
            "version": "1.0.0",
            "dist": {
                "type": "path",
                "url": "../lunar-config",
                "reference": "4f651bb62d1bb181868a46e3f2d82b24b9bd022e"
            },
            "require": {
                "php": ">=8.3"
            },
            "type": "library",
            "autoload": {
                "psr-4": {
                    "Lunar\\Config\\": "src/"
                }
            },
            "license": [
                "MIT"
            ],
            "authors": [
                {
                    "name": "Seb",
                    "email": "seb@nethttp.net",
                    "role": "Developer"
                }
            ],
            "description": "Configuration management for Lunar packages",
            "homepage": "https://github.com/yrbane/lunar-config",
            "keywords": [
                "config",
                "configuration",
                "lunar"
            ],
            "transport-options": {
                "symlink": true,
                "relative": true
            }
        },
        {
            "name": "yrbane/lunar-template",
            "version": "1.4.0",
            "dist": {
                "type": "path",
                "url": "../lunar-template",
                "reference": "7068a89041376d8638d176f0c1ea4543b9ee354a"
            },
            "require": {
                "ext-mbstring": "*",
                "php": ">=8.3",
                "yrbane/lunar-cli": "@dev",
                "yrbane/lunar-config": "@dev"
            },
            "require-dev": {
                "friendsofphp/php-cs-fixer": "^3.91",
                "phpstan/phpstan": "^1.10",
                "phpunit/phpunit": "^10.0"
            },
            "suggest": {
                "ext-opcache": "For better performance with compiled templates",
                "ext-pcov": "For fast code coverage analysis"
            },
            "bin": [
                "bin/lunar-template"
            ],
            "type": "library",
            "autoload": {
                "psr-4": {
                    "Lunar\\Template\\": "src/"
                }
            },
            "autoload-dev": {
                "psr-4": {
                    "Lunar\\Template\\Tests\\": "tests/"
                }
            },
            "scripts": {
                "post-install-cmd": [
                    "Lunar\\Template\\Installer::postInstall"
                ],
                "post-update-cmd": [
                    "Lunar\\Template\\Installer::postUpdate"
                ],
                "test": [
                    "phpunit --testsuite=All"
                ],
                "test:unit": [
                    "phpunit --testsuite=Unit"
                ],
                "test:integration": [
                    "phpunit --testsuite=Integration"
                ],
                "coverage": [
                    "XDEBUG_MODE=coverage phpunit --coverage-html coverage/html --coverage-text"
                ],
                "cs:check": [
                    "php-cs-fixer fix --dry-run --diff"
                ],
                "cs:fix": [
                    "php-cs-fixer fix"
                ],
                "analyse": [
                    "phpstan analyse src tests --level=7"
                ],
                "qa": [
                    "@cs:check",
                    "@analyse",
                    "@test"
                ]
            },
            "license": [
                "MIT"
            ],
            "authors": [
                {
                    "name": "Seb",
                    "email": "seb@nethttp.net",
                    "role": "Developer"
                }
            ],
            "description": "Standalone advanced template engine with inheritance, blocks, macros and caching",
            "homepage": "https://github.com/yrbane/lunar-template",
            "keywords": [
                "blocks",
                "engine",
                "inheritance",
                "macros",
                "php",
                "template",
                "templating"
            ],
            "transport-options": {
                "symlink": true,
                "relative": true
            }
        }
    ],
    "packages-dev": [],
    "aliases": [],
    "minimum-stability": "stable",
    "stability-flags": {
        "yrbane/lunar-cli": 20,
        "yrbane/lunar-template": 20
    },
    "prefer-stable": false,
    "prefer-lowest": false,
    "platform": {
        "php": ">=8.3",
        "ext-mbstring": "*"
    },
    "platform-dev": {},
    "plugin-api-version": "2.6.0"
}
