{
    "_readme": [
        "This file locks the dependencies of your project to a known state",
        "Read more about it at https://getcomposer.org/doc/01-basic-usage.md#installing-dependencies",
        "This file is @generated automatically"
    ],
    "content-hash": "d8ade8b163c25340c8d24a3886e11287",
    "packages": [
        {
            "name": "yrbane/lunar-cli",
            "version": "dev-main",
            "source": {
                "type": "git",
                "url": "https://github.com/yrbane/lunar-cli.git",
                "reference": "b611c1f32385e8fc54adf72cc74757ca6ff76443"
            },
            "dist": {
                "type": "zip",
                "url": "https://api.github.com/repos/yrbane/lunar-cli/zipball/b611c1f32385e8fc54adf72cc74757ca6ff76443",
                "reference": "b611c1f32385e8fc54adf72cc74757ca6ff76443",
                "shasum": ""
            },
            "require": {
                "ext-mbstring": "*",
                "php": ">=8.3"
            },
            "require-dev": {
                "phpstan/phpstan": "^2.0",
                "phpunit/phpunit": "^11.0"
            },
            "default-branch": true,
            "bin": [
                "bin/lunar"
            ],
            "type": "library",
            "autoload": {
                "psr-4": {
                    "Lunar\\Cli\\": "src/"
                }
            },
            "autoload-dev": {
                "psr-4": {
                    "Lunar\\Cli\\Tests\\": "tests/"
                }
            },
            "license": [
                "MIT"
            ],
            "authors": [
                {
                    "name": "seb",
                    "email": "seb@nethttp.net"
                }
            ],
            "description": "Framework CLI PHP autonome avec commandes, helpers console et rendu de tableaux",
            "support": {
                "source": "https://github.com/yrbane/lunar-cli/tree/main",
                "issues": "https://github.com/yrbane/lunar-cli/issues"
            },
            "time": "2025-12-03T14:35:59+00:00"
        },
        {
            "name": "yrbane/lunar-template",
            "version": "dev-main",
            "source": {
                "type": "git",
                "url": "https://github.com/yrbane/lunar-template.git",
                "reference": "35912cba8fef0b466b5b63551f9e22956a61f036"
            },
            "dist": {
                "type": "zip",
                "url": "https://api.github.com/repos/yrbane/lunar-template/zipball/35912cba8fef0b466b5b63551f9e22956a61f036",
                "reference": "35912cba8fef0b466b5b63551f9e22956a61f036",
                "shasum": ""
            },
            "require": {
                "ext-mbstring": "*",
                "php": ">=8.3",
                "yrbane/lunar-cli": "@dev"
            },
            "require-dev": {
                "friendsofphp/php-cs-fixer": "^3.91",
                "phpstan/phpstan": "^1.10",
                "phpunit/phpunit": "^10.0"
            },
            "suggest": {
                "ext-opcache": "For better performance with compiled templates",
                "ext-pcov": "For fast code coverage analysis"
            },
            "default-branch": true,
            "bin": [
                "bin/lunar-template"
            ],
            "type": "library",
            "autoload": {
                "psr-4": {
                    "Lunar\\Template\\": "src/"
                }
            },
            "autoload-dev": {
                "psr-4": {
                    "Lunar\\Template\\Tests\\": "tests/"
                }
            },
            "scripts": {
                "test": [
                    "phpunit --testsuite=All"
                ],
                "test:unit": [
                    "phpunit --testsuite=Unit"
                ],
                "test:integration": [
                    "phpunit --testsuite=Integration"
                ],
                "coverage": [
                    "XDEBUG_MODE=coverage phpunit --coverage-html coverage/html --coverage-text"
                ],
                "cs:check": [
                    "php-cs-fixer fix --dry-run --diff"
                ],
                "cs:fix": [
                    "php-cs-fixer fix"
                ],
                "analyse": [
                    "phpstan analyse src tests --level=7"
                ],
                "qa": [
                    "@cs:check",
                    "@analyse",
                    "@test"
                ]
            },
            "license": [
                "MIT"
            ],
            "authors": [
                {
                    "name": "Seb",
                    "email": "seb@nethttp.net",
                    "role": "Developer"
                }
            ],
            "description": "Standalone advanced template engine with inheritance, blocks, macros and caching",
            "homepage": "https://github.com/yrbane/lunar-template",
            "keywords": [
                "blocks",
                "engine",
                "inheritance",
                "macros",
                "php",
                "template",
                "templating"
            ],
            "support": {
                "source": "https://github.com/yrbane/lunar-template/tree/main",
                "issues": "https://github.com/yrbane/lunar-template/issues"
            },
            "time": "2025-12-03T14:12:41+00:00"
        }
    ],
    "packages-dev": [],
    "aliases": [],
    "minimum-stability": "stable",
    "stability-flags": {
        "yrbane/lunar-cli": 20,
        "yrbane/lunar-template": 20
    },
    "prefer-stable": false,
    "prefer-lowest": false,
    "platform": {
        "php": ">=8.3",
        "ext-mbstring": "*"
    },
    "platform-dev": {},
    "plugin-api-version": "2.6.0"
}
